
Microsoft Visual Studio Solution File, Format Version 12.00
# Visual Studio Version 17
VisualStudioVersion = 17.6.33829.357
MinimumVisualStudioVersion = 10.0.40219.1
Project("{FAE04EC0-301F-11D3-BF4B-00C04F79EFBC}") = "ProcessList_WPFApp", "ProcessList_WPFApp\ProcessList_WPFApp.csproj", "{4B6B4FB8-F694-42B9-81F7-DA6988AF756F}"
EndProject
Global
	GlobalSection(SolutionConfigurationPlatforms) = preSolution
		Debug|Any CPU = Debug|Any CPU
		Release|Any CPU = Release|Any CPU
	EndGlobalSection
	GlobalSection(ProjectConfigurationPlatforms) = postSolution
		{4B6B4FB8-F694-42B9-81F7-DA6988AF756F}.Debug|Any CPU.ActiveCfg = Debug|Any CPU
		{4B6B4FB8-F694-42B9-81F7-DA6988AF756F}.Debug|Any CPU.Build.0 = Debug|Any CPU
		{4B6B4FB8-F694-42B9-81F7-DA6988AF756F}.Release|Any CPU.ActiveCfg = Release|Any CPU
		{4B6B4FB8-F694-42B9-81F7-DA6988AF756F}.Release|Any CPU.Build.0 = Release|Any CPU
	EndGlobalSection
	GlobalSection(SolutionProperties) = preSolution
		HideSolutionNode = FALSE
	EndGlobalSection
	GlobalSection(ExtensibilityGlobals) = postSolution
		SolutionGuid = {8E5B153C-E87E-4608-8E56-54B0328C3245}
	EndGlobalSection
EndGlobal
